
Microsoft Visual Studio Solution File, Format Version 12.00
# Visual Studio 15
VisualStudioVersion = 15.0.28307.421
MinimumVisualStudioVersion = 10.0.40219.1
Project("{FAE04EC0-301F-11D3-BF4B-00C04F79EFBC}") = "Open-Shift", "Open-Shift\Open-Shift.csproj", "{4AB8F51B-F882-4C0B-B741-DFF84E63453E}"
EndProject
Global
	GlobalSection(SolutionConfigurationPlatforms) = preSolution
		Debug|Any CPU = Debug|Any CPU
		Release|Any CPU = Release|Any CPU
	EndGlobalSection
	GlobalSection(ProjectConfigurationPlatforms) = postSolution
		{4AB8F51B-F882-4C0B-B741-DFF84E63453E}.Debug|Any CPU.ActiveCfg = Debug|Any CPU
		{4AB8F51B-F882-4C0B-B741-DFF84E63453E}.Debug|Any CPU.Build.0 = Debug|Any CPU
		{4AB8F51B-F882-4C0B-B741-DFF84E63453E}.Release|Any CPU.ActiveCfg = Release|Any CPU
		{4AB8F51B-F882-4C0B-B741-DFF84E63453E}.Release|Any CPU.Build.0 = Release|Any CPU
	EndGlobalSection
	GlobalSection(SolutionProperties) = preSolution
		HideSolutionNode = FALSE
	EndGlobalSection
	GlobalSection(ExtensibilityGlobals) = postSolution
		SolutionGuid = {7687E348-2617-41A1-B30F-8711157064D4}
	EndGlobalSection
EndGlobal
